// !$*UTF8*$!
{
	archiveVersion = 1;
	classes = {
	};
	objectVersion = 56;
	objects = {

/* Begin PBXBuildFile section */
		1B12F0352A8BF02300BC9F02 /* example.swift in Sources */ = {isa = PBXBuildFile; fileRef = 1B12F0342A8BF02300BC9F02 /* example.swift */; };
		1B420AFA2A8A9F550018CFF9 /* GoBackToSignUpPageView.swift in Sources */ = {isa = PBXBuildFile; fileRef = 1B420AF92A8A9F550018CFF9 /* GoBackToSignUpPageView.swift */; };
		1B5DA48A2A83EAD500D495DA /* DontRemindMeWhenUsingView.swift in Sources */ = {isa = PBXBuildFile; fileRef = 1B5DA4892A83EAD500D495DA /* DontRemindMeWhenUsingView.swift */; };
		1B5DA48C2A84229800D495DA /* AppsAndInUseApps.swift in Sources */ = {isa = PBXBuildFile; fileRef = 1B5DA48B2A84229800D495DA /* AppsAndInUseApps.swift */; };
		1B5DA4932A84C14600D495DA /* HomeScreenPageView.swift in Sources */ = {isa = PBXBuildFile; fileRef = 1B5DA4922A84C14600D495DA /* HomeScreenPageView.swift */; };
		1BA96EAA2A88FD730039F46C /* SignUpPageView.swift in Sources */ = {isa = PBXBuildFile; fileRef = 1BA96EA92A88FD730039F46C /* SignUpPageView.swift */; };
		1BA96EAC2A892B1B0039F46C /* ContinueWithWhatView.swift in Sources */ = {isa = PBXBuildFile; fileRef = 1BA96EAB2A892B1B0039F46C /* ContinueWithWhatView.swift */; };
		1BA96EAE2A892BFC0039F46C /* SignInPageView.swift in Sources */ = {isa = PBXBuildFile; fileRef = 1BA96EAD2A892BFC0039F46C /* SignInPageView.swift */; };
		1BCBB96F2A825DED00AF8725 /* IntroductionPageView.swift in Sources */ = {isa = PBXBuildFile; fileRef = 1BCBB96E2A825DED00AF8725 /* IntroductionPageView.swift */; };
		1BCBB9712A82621D00AF8725 /* SetUpPageView.swift in Sources */ = {isa = PBXBuildFile; fileRef = 1BCBB9702A82621D00AF8725 /* SetUpPageView.swift */; };
		1BCBB9762A828F7800AF8725 /* NovisionManager.swift in Sources */ = {isa = PBXBuildFile; fileRef = 1BCBB9752A828F7800AF8725 /* NovisionManager.swift */; };
		1BCBB97A2A82BBEF00AF8725 /* ReminderTimesView.swift in Sources */ = {isa = PBXBuildFile; fileRef = 1BCBB9792A82BBEF00AF8725 /* ReminderTimesView.swift */; };
		1BD11C8F2A5F0AE20049BBF5 /* NovisionApp.swift in Sources */ = {isa = PBXBuildFile; fileRef = 1BD11C8E2A5F0AE20049BBF5 /* NovisionApp.swift */; };
		1BD11C912A5F0AE20049BBF5 /* ContentView.swift in Sources */ = {isa = PBXBuildFile; fileRef = 1BD11C902A5F0AE20049BBF5 /* ContentView.swift */; };
		1BD11C932A5F0AE30049BBF5 /* Assets.xcassets in Resources */ = {isa = PBXBuildFile; fileRef = 1BD11C922A5F0AE30049BBF5 /* Assets.xcassets */; };
		1BD11C962A5F0AE30049BBF5 /* Preview Assets.xcassets in Resources */ = {isa = PBXBuildFile; fileRef = 1BD11C952A5F0AE30049BBF5 /* Preview Assets.xcassets */; };
/* End PBXBuildFile section */

/* Begin PBXFileReference section */
		1B12F0342A8BF02300BC9F02 /* example.swift */ = {isa = PBXFileReference; lastKnownFileType = sourcecode.swift; path = example.swift; sourceTree = "<group>"; };
		1B420AF92A8A9F550018CFF9 /* GoBackToSignUpPageView.swift */ = {isa = PBXFileReference; lastKnownFileType = sourcecode.swift; path = GoBackToSignUpPageView.swift; sourceTree = "<group>"; };
		1B5DA4892A83EAD500D495DA /* DontRemindMeWhenUsingView.swift */ = {isa = PBXFileReference; lastKnownFileType = sourcecode.swift; path = DontRemindMeWhenUsingView.swift; sourceTree = "<group>"; };
		1B5DA48B2A84229800D495DA /* AppsAndInUseApps.swift */ = {isa = PBXFileReference; lastKnownFileType = sourcecode.swift; path = AppsAndInUseApps.swift; sourceTree = "<group>"; };
		1B5DA4922A84C14600D495DA /* HomeScreenPageView.swift */ = {isa = PBXFileReference; lastKnownFileType = sourcecode.swift; path = HomeScreenPageView.swift; sourceTree = "<group>"; };
		1BA96EA92A88FD730039F46C /* SignUpPageView.swift */ = {isa = PBXFileReference; lastKnownFileType = sourcecode.swift; name = SignUpPageView.swift; path = ../SetUpPageGroup/SignUpPageView.swift; sourceTree = "<group>"; };
		1BA96EAB2A892B1B0039F46C /* ContinueWithWhatView.swift */ = {isa = PBXFileReference; lastKnownFileType = sourcecode.swift; path = ContinueWithWhatView.swift; sourceTree = "<group>"; };
		1BA96EAD2A892BFC0039F46C /* SignInPageView.swift */ = {isa = PBXFileReference; lastKnownFileType = sourcecode.swift; path = SignInPageView.swift; sourceTree = "<group>"; };
		1BCBB96E2A825DED00AF8725 /* IntroductionPageView.swift */ = {isa = PBXFileReference; lastKnownFileType = sourcecode.swift; path = IntroductionPageView.swift; sourceTree = "<group>"; };
		1BCBB9702A82621D00AF8725 /* SetUpPageView.swift */ = {isa = PBXFileReference; lastKnownFileType = sourcecode.swift; path = SetUpPageView.swift; sourceTree = "<group>"; };
		1BCBB9742A8266BB00AF8725 /* GoogleService-Info.plist */ = {isa = PBXFileReference; lastKnownFileType = text.plist.xml; path = "GoogleService-Info.plist"; sourceTree = "<group>"; };
		1BCBB9752A828F7800AF8725 /* NovisionManager.swift */ = {isa = PBXFileReference; lastKnownFileType = sourcecode.swift; path = NovisionManager.swift; sourceTree = "<group>"; };
		1BCBB9792A82BBEF00AF8725 /* ReminderTimesView.swift */ = {isa = PBXFileReference; lastKnownFileType = sourcecode.swift; path = ReminderTimesView.swift; sourceTree = "<group>"; };
		1BD11C8B2A5F0AE20049BBF5 /* Novision.app */ = {isa = PBXFileReference; explicitFileType = wrapper.application; includeInIndex = 0; path = Novision.app; sourceTree = BUILT_PRODUCTS_DIR; };
		1BD11C8E2A5F0AE20049BBF5 /* NovisionApp.swift */ = {isa = PBXFileReference; lastKnownFileType = sourcecode.swift; path = NovisionApp.swift; sourceTree = "<group>"; };
		1BD11C902A5F0AE20049BBF5 /* ContentView.swift */ = {isa = PBXFileReference; lastKnownFileType = sourcecode.swift; path = ContentView.swift; sourceTree = "<group>"; };
		1BD11C922A5F0AE30049BBF5 /* Assets.xcassets */ = {isa = PBXFileReference; lastKnownFileType = folder.assetcatalog; path = Assets.xcassets; sourceTree = "<group>"; };
		1BD11C952A5F0AE30049BBF5 /* Preview Assets.xcassets */ = {isa = PBXFileReference; lastKnownFileType = folder.assetcatalog; path = "Preview Assets.xcassets"; sourceTree = "<group>"; };
/* End PBXFileReference section */

/* Begin PBXFrameworksBuildPhase section */
		1BD11C882A5F0AE20049BBF5 /* Frameworks */ = {
			isa = PBXFrameworksBuildPhase;
			buildActionMask = 2147483647;
			files = (
			);
			runOnlyForDeploymentPostprocessing = 0;
		};
/* End PBXFrameworksBuildPhase section */

/* Begin PBXGroup section */
		1B5DA48F2A84C05D00D495DA /* SetUpPageGroup */ = {
			isa = PBXGroup;
			children = (
				1BCBB9702A82621D00AF8725 /* SetUpPageView.swift */,
				1BCBB9792A82BBEF00AF8725 /* ReminderTimesView.swift */,
				1B5DA4892A83EAD500D495DA /* DontRemindMeWhenUsingView.swift */,
			);
			path = SetUpPageGroup;
			sourceTree = "<group>";
		};
		1B5DA4912A84C10700D495DA /* HomeScreenPageGroup */ = {
			isa = PBXGroup;
			children = (
				1B5DA4922A84C14600D495DA /* HomeScreenPageView.swift */,
			);
			path = HomeScreenPageGroup;
			sourceTree = "<group>";
		};
		1B9731B02A853267009D745D /* SignUpAndSignInPagesGroup */ = {
			isa = PBXGroup;
			children = (
				1BA96EA92A88FD730039F46C /* SignUpPageView.swift */,
				1BA96EAD2A892BFC0039F46C /* SignInPageView.swift */,
				1BA96EAB2A892B1B0039F46C /* ContinueWithWhatView.swift */,
				1B420AF92A8A9F550018CFF9 /* GoBackToSignUpPageView.swift */,
				1B12F0342A8BF02300BC9F02 /* example.swift */,
			);
			path = SignUpAndSignInPagesGroup;
			sourceTree = "<group>";
		};
		1BCBB96C2A825D8A00AF8725 /* View */ = {
			isa = PBXGroup;
			children = (
				1BCBB96E2A825DED00AF8725 /* IntroductionPageView.swift */,
				1B9731B02A853267009D745D /* SignUpAndSignInPagesGroup */,
				1B5DA48F2A84C05D00D495DA /* SetUpPageGroup */,
				1B5DA4912A84C10700D495DA /* HomeScreenPageGroup */,
			);
			path = View;
			sourceTree = "<group>";
		};
		1BCBB96D2A825DAE00AF8725 /* Model and ViewModel */ = {
			isa = PBXGroup;
			children = (
				1BCBB9752A828F7800AF8725 /* NovisionManager.swift */,
				1B5DA48B2A84229800D495DA /* AppsAndInUseApps.swift */,
			);
			path = "Model and ViewModel";
			sourceTree = "<group>";
		};
		1BD11C822A5F0AE20049BBF5 = {
			isa = PBXGroup;
			children = (
				1BCBB9742A8266BB00AF8725 /* GoogleService-Info.plist */,
				1BD11C8D2A5F0AE20049BBF5 /* Novision */,
				1BD11C8C2A5F0AE20049BBF5 /* Products */,
			);
			sourceTree = "<group>";
		};
		1BD11C8C2A5F0AE20049BBF5 /* Products */ = {
			isa = PBXGroup;
			children = (
				1BD11C8B2A5F0AE20049BBF5 /* Novision.app */,
			);
			name = Products;
			sourceTree = "<group>";
		};
		1BD11C8D2A5F0AE20049BBF5 /* Novision */ = {
			isa = PBXGroup;
			children = (
				1BD11C902A5F0AE20049BBF5 /* ContentView.swift */,
				1BCBB96D2A825DAE00AF8725 /* Model and ViewModel */,
				1BCBB96C2A825D8A00AF8725 /* View */,
				1BD11C922A5F0AE30049BBF5 /* Assets.xcassets */,
				1BD11C8E2A5F0AE20049BBF5 /* NovisionApp.swift */,
				1BD11C942A5F0AE30049BBF5 /* Preview Content */,
			);
			path = Novision;
			sourceTree = "<group>";
		};
		1BD11C942A5F0AE30049BBF5 /* Preview Content */ = {
			isa = PBXGroup;
			children = (
				1BD11C952A5F0AE30049BBF5 /* Preview Assets.xcassets */,
			);
			path = "Preview Content";
			sourceTree = "<group>";
		};
/* End PBXGroup section */

/* Begin PBXNativeTarget section */
		1BD11C8A2A5F0AE20049BBF5 /* Novision */ = {
			isa = PBXNativeTarget;
			buildConfigurationList = 1BD11C992A5F0AE30049BBF5 /* Build configuration list for PBXNativeTarget "Novision" */;
			buildPhases = (
				1BD11C872A5F0AE20049BBF5 /* Sources */,
				1BD11C882A5F0AE20049BBF5 /* Frameworks */,
				1BD11C892A5F0AE20049BBF5 /* Resources */,
			);
			buildRules = (
			);
			dependencies = (
			);
			name = Novision;
			packageProductDependencies = (
			);
			productName = Novision;
			productReference = 1BD11C8B2A5F0AE20049BBF5 /* Novision.app */;
			productType = "com.apple.product-type.application";
		};
/* End PBXNativeTarget section */

/* Begin PBXProject section */
		1BD11C832A5F0AE20049BBF5 /* Project object */ = {
			isa = PBXProject;
			attributes = {
				BuildIndependentTargetsInParallel = 1;
				LastSwiftUpdateCheck = 1430;
				LastUpgradeCheck = 1430;
				TargetAttributes = {
					1BD11C8A2A5F0AE20049BBF5 = {
						CreatedOnToolsVersion = 14.3;
					};
				};
			};
			buildConfigurationList = 1BD11C862A5F0AE20049BBF5 /* Build configuration list for PBXProject "Novision" */;
			compatibilityVersion = "Xcode 14.0";
			developmentRegion = en;
			hasScannedForEncodings = 0;
			knownRegions = (
				en,
				Base,
			);
			mainGroup = 1BD11C822A5F0AE20049BBF5;
			packageReferences = (
			);
			productRefGroup = 1BD11C8C2A5F0AE20049BBF5 /* Products */;
			projectDirPath = "";
			projectRoot = "";
			targets = (
				1BD11C8A2A5F0AE20049BBF5 /* Novision */,
			);
		};
/* End PBXProject section */

/* Begin PBXResourcesBuildPhase section */
		1BD11C892A5F0AE20049BBF5 /* Resources */ = {
			isa = PBXResourcesBuildPhase;
			buildActionMask = 2147483647;
			files = (
				1BD11C962A5F0AE30049BBF5 /* Preview Assets.xcassets in Resources */,
				1BD11C932A5F0AE30049BBF5 /* Assets.xcassets in Resources */,
			);
			runOnlyForDeploymentPostprocessing = 0;
		};
/* End PBXResourcesBuildPhase section */

/* Begin PBXSourcesBuildPhase section */
		1BD11C872A5F0AE20049BBF5 /* Sources */ = {
			isa = PBXSourcesBuildPhase;
			buildActionMask = 2147483647;
			files = (
				1B12F0352A8BF02300BC9F02 /* example.swift in Sources */,
				1B5DA48C2A84229800D495DA /* AppsAndInUseApps.swift in Sources */,
				1B420AFA2A8A9F550018CFF9 /* GoBackToSignUpPageView.swift in Sources */,
				1BD11C912A5F0AE20049BBF5 /* ContentView.swift in Sources */,
				1B5DA48A2A83EAD500D495DA /* DontRemindMeWhenUsingView.swift in Sources */,
				1BCBB97A2A82BBEF00AF8725 /* ReminderTimesView.swift in Sources */,
				1BCBB96F2A825DED00AF8725 /* IntroductionPageView.swift in Sources */,
				1B5DA4932A84C14600D495DA /* HomeScreenPageView.swift in Sources */,
				1BCBB9762A828F7800AF8725 /* NovisionManager.swift in Sources */,
				1BA96EAA2A88FD730039F46C /* SignUpPageView.swift in Sources */,
				1BCBB9712A82621D00AF8725 /* SetUpPageView.swift in Sources */,
				1BD11C8F2A5F0AE20049BBF5 /* NovisionApp.swift in Sources */,
				1BA96EAC2A892B1B0039F46C /* ContinueWithWhatView.swift in Sources */,
				1BA96EAE2A892BFC0039F46C /* SignInPageView.swift in Sources */,
			);
			runOnlyForDeploymentPostprocessing = 0;
		};
/* End PBXSourcesBuildPhase section */

/* Begin XCBuildConfiguration section */
		1BD11C972A5F0AE30049BBF5 /* Debug */ = {
			isa = XCBuildConfiguration;
			buildSettings = {
				ALWAYS_SEARCH_USER_PATHS = NO;
				CLANG_ANALYZER_NONNULL = YES;
				CLANG_ANALYZER_NUMBER_OBJECT_CONVERSION = YES_AGGRESSIVE;
				CLANG_CXX_LANGUAGE_STANDARD = "gnu++20";
				CLANG_ENABLE_MODULES = YES;
				CLANG_ENABLE_OBJC_ARC = YES;
				CLANG_ENABLE_OBJC_WEAK = YES;
				CLANG_WARN_BLOCK_CAPTURE_AUTORELEASING = YES;
				CLANG_WARN_BOOL_CONVERSION = YES;
				CLANG_WARN_COMMA = YES;
				CLANG_WARN_CONSTANT_CONVERSION = YES;
				CLANG_WARN_DEPRECATED_OBJC_IMPLEMENTATIONS = YES;
				CLANG_WARN_DIRECT_OBJC_ISA_USAGE = YES_ERROR;
				CLANG_WARN_DOCUMENTATION_COMMENTS = YES;
				CLANG_WARN_EMPTY_BODY = YES;
				CLANG_WARN_ENUM_CONVERSION = YES;
				CLANG_WARN_INFINITE_RECURSION = YES;
				CLANG_WARN_INT_CONVERSION = YES;
				CLANG_WARN_NON_LITERAL_NULL_CONVERSION = YES;
				CLANG_WARN_OBJC_IMPLICIT_RETAIN_SELF = YES;
				CLANG_WARN_OBJC_LITERAL_CONVERSION = YES;
				CLANG_WARN_OBJC_ROOT_CLASS = YES_ERROR;
				CLANG_WARN_QUOTED_INCLUDE_IN_FRAMEWORK_HEADER = YES;
				CLANG_WARN_RANGE_LOOP_ANALYSIS = YES;
				CLANG_WARN_STRICT_PROTOTYPES = YES;
				CLANG_WARN_SUSPICIOUS_MOVE = YES;
				CLANG_WARN_UNGUARDED_AVAILABILITY = YES_AGGRESSIVE;
				CLANG_WARN_UNREACHABLE_CODE = YES;
				CLANG_WARN__DUPLICATE_METHOD_MATCH = YES;
				COPY_PHASE_STRIP = NO;
				DEBUG_INFORMATION_FORMAT = dwarf;
				ENABLE_STRICT_OBJC_MSGSEND = YES;
				ENABLE_TESTABILITY = YES;
				GCC_C_LANGUAGE_STANDARD = gnu11;
				GCC_DYNAMIC_NO_PIC = NO;
				GCC_NO_COMMON_BLOCKS = YES;
				GCC_OPTIMIZATION_LEVEL = 0;
				GCC_PREPROCESSOR_DEFINITIONS = (
					"DEBUG=1",
					"$(inherited)",
				);
				GCC_WARN_64_TO_32_BIT_CONVERSION = YES;
				GCC_WARN_ABOUT_RETURN_TYPE = YES_ERROR;
				GCC_WARN_UNDECLARED_SELECTOR = YES;
				GCC_WARN_UNINITIALIZED_AUTOS = YES_AGGRESSIVE;
				GCC_WARN_UNUSED_FUNCTION = YES;
				GCC_WARN_UNUSED_VARIABLE = YES;
				IPHONEOS_DEPLOYMENT_TARGET = 16.4;
				MTL_ENABLE_DEBUG_INFO = INCLUDE_SOURCE;
				MTL_FAST_MATH = YES;
				ONLY_ACTIVE_ARCH = YES;
				SDKROOT = iphoneos;
				SWIFT_ACTIVE_COMPILATION_CONDITIONS = DEBUG;
				SWIFT_OPTIMIZATION_LEVEL = "-Onone";
			};
			name = Debug;
		};
		1BD11C982A5F0AE30049BBF5 /* Release */ = {
			isa = XCBuildConfiguration;
			buildSettings = {
				ALWAYS_SEARCH_USER_PATHS = NO;
				CLANG_ANALYZER_NONNULL = YES;
				CLANG_ANALYZER_NUMBER_OBJECT_CONVERSION = YES_AGGRESSIVE;
				CLANG_CXX_LANGUAGE_STANDARD = "gnu++20";
				CLANG_ENABLE_MODULES = YES;
				CLANG_ENABLE_OBJC_ARC = YES;
				CLANG_ENABLE_OBJC_WEAK = YES;
				CLANG_WARN_BLOCK_CAPTURE_AUTORELEASING = YES;
				CLANG_WARN_BOOL_CONVERSION = YES;
				CLANG_WARN_COMMA = YES;
				CLANG_WARN_CONSTANT_CONVERSION = YES;
				CLANG_WARN_DEPRECATED_OBJC_IMPLEMENTATIONS = YES;
				CLANG_WARN_DIRECT_OBJC_ISA_USAGE = YES_ERROR;
				CLANG_WARN_DOCUMENTATION_COMMENTS = YES;
				CLANG_WARN_EMPTY_BODY = YES;
				CLANG_WARN_ENUM_CONVERSION = YES;
				CLANG_WARN_INFINITE_RECURSION = YES;
				CLANG_WARN_INT_CONVERSION = YES;
				CLANG_WARN_NON_LITERAL_NULL_CONVERSION = YES;
				CLANG_WARN_OBJC_IMPLICIT_RETAIN_SELF = YES;
				CLANG_WARN_OBJC_LITERAL_CONVERSION = YES;
				CLANG_WARN_OBJC_ROOT_CLASS = YES_ERROR;
				CLANG_WARN_QUOTED_INCLUDE_IN_FRAMEWORK_HEADER = YES;
				CLANG_WARN_RANGE_LOOP_ANALYSIS = YES;
				CLANG_WARN_STRICT_PROTOTYPES = YES;
				CLANG_WARN_SUSPICIOUS_MOVE = YES;
				CLANG_WARN_UNGUARDED_AVAILABILITY = YES_AGGRESSIVE;
				CLANG_WARN_UNREACHABLE_CODE = YES;
				CLANG_WARN__DUPLICATE_METHOD_MATCH = YES;
				COPY_PHASE_STRIP = NO;
				DEBUG_INFORMATION_FORMAT = "dwarf-with-dsym";
				ENABLE_NS_ASSERTIONS = NO;
				ENABLE_STRICT_OBJC_MSGSEND = YES;
				GCC_C_LANGUAGE_STANDARD = gnu11;
				GCC_NO_COMMON_BLOCKS = YES;
				GCC_WARN_64_TO_32_BIT_CONVERSION = YES;
				GCC_WARN_ABOUT_RETURN_TYPE = YES_ERROR;
				GCC_WARN_UNDECLARED_SELECTOR = YES;
				GCC_WARN_UNINITIALIZED_AUTOS = YES_AGGRESSIVE;
				GCC_WARN_UNUSED_FUNCTION = YES;
				GCC_WARN_UNUSED_VARIABLE = YES;
				IPHONEOS_DEPLOYMENT_TARGET = 16.4;
				MTL_ENABLE_DEBUG_INFO = NO;
				MTL_FAST_MATH = YES;
				SDKROOT = iphoneos;
				SWIFT_COMPILATION_MODE = wholemodule;
				SWIFT_OPTIMIZATION_LEVEL = "-O";
				VALIDATE_PRODUCT = YES;
			};
			name = Release;
		};
		1BD11C9A2A5F0AE30049BBF5 /* Debug */ = {
			isa = XCBuildConfiguration;
			buildSettings = {
				ASSETCATALOG_COMPILER_APPICON_NAME = AppIcon;
				ASSETCATALOG_COMPILER_GLOBAL_ACCENT_COLOR_NAME = AccentColor;
				CODE_SIGN_STYLE = Automatic;
				CURRENT_PROJECT_VERSION = 1;
				DEVELOPMENT_ASSET_PATHS = "\"Novision/Preview Content\"";
				ENABLE_PREVIEWS = YES;
				GENERATE_INFOPLIST_FILE = YES;
				INFOPLIST_KEY_UIApplicationSceneManifest_Generation = YES;
				INFOPLIST_KEY_UIApplicationSupportsIndirectInputEvents = YES;
				INFOPLIST_KEY_UILaunchScreen_Generation = YES;
				INFOPLIST_KEY_UISupportedInterfaceOrientations_iPad = "UIInterfaceOrientationPortrait UIInterfaceOrientationPortraitUpsideDown UIInterfaceOrientationLandscapeLeft UIInterfaceOrientationLandscapeRight";
				INFOPLIST_KEY_UISupportedInterfaceOrientations_iPhone = "UIInterfaceOrientationPortrait UIInterfaceOrientationLandscapeLeft UIInterfaceOrientationLandscapeRight";
				LD_RUNPATH_SEARCH_PATHS = (
					"$(inherited)",
					"@executable_path/Frameworks",
				);
				MARKETING_VERSION = 1.0;
				PRODUCT_BUNDLE_IDENTIFIER = ss.dp.Novision;
				PRODUCT_NAME = "$(TARGET_NAME)";
				SWIFT_EMIT_LOC_STRINGS = YES;
				SWIFT_VERSION = 5.0;
				TARGETED_DEVICE_FAMILY = "1,2";
			};
			name = Debug;
		};
		1BD11C9B2A5F0AE30049BBF5 /* Release */ = {
			isa = XCBuildConfiguration;
			buildSettings = {
				ASSETCATALOG_COMPILER_APPICON_NAME = AppIcon;
				ASSETCATALOG_COMPILER_GLOBAL_ACCENT_COLOR_NAME = AccentColor;
				CODE_SIGN_STYLE = Automatic;
				CURRENT_PROJECT_VERSION = 1;
				DEVELOPMENT_ASSET_PATHS = "\"Novision/Preview Content\"";
				ENABLE_PREVIEWS = YES;
				GENERATE_INFOPLIST_FILE = YES;
				INFOPLIST_KEY_UIApplicationSceneManifest_Generation = YES;
				INFOPLIST_KEY_UIApplicationSupportsIndirectInputEvents = YES;
				INFOPLIST_KEY_UILaunchScreen_Generation = YES;
				INFOPLIST_KEY_UISupportedInterfaceOrientations_iPad = "UIInterfaceOrientationPortrait UIInterfaceOrientationPortraitUpsideDown UIInterfaceOrientationLandscapeLeft UIInterfaceOrientationLandscapeRight";
				INFOPLIST_KEY_UISupportedInterfaceOrientations_iPhone = "UIInterfaceOrientationPortrait UIInterfaceOrientationLandscapeLeft UIInterfaceOrientationLandscapeRight";
				LD_RUNPATH_SEARCH_PATHS = (
					"$(inherited)",
					"@executable_path/Frameworks",
				);
				MARKETING_VERSION = 1.0;
				PRODUCT_BUNDLE_IDENTIFIER = ss.dp.Novision;
				PRODUCT_NAME = "$(TARGET_NAME)";
				SWIFT_EMIT_LOC_STRINGS = YES;
				SWIFT_VERSION = 5.0;
				TARGETED_DEVICE_FAMILY = "1,2";
			};
			name = Release;
		};
/* End XCBuildConfiguration section */

/* Begin XCConfigurationList section */
		1BD11C862A5F0AE20049BBF5 /* Build configuration list for PBXProject "Novision" */ = {
			isa = XCConfigurationList;
			buildConfigurations = (
				1BD11C972A5F0AE30049BBF5 /* Debug */,
				1BD11C982A5F0AE30049BBF5 /* Release */,
			);
			defaultConfigurationIsVisible = 0;
			defaultConfigurationName = Release;
		};
		1BD11C992A5F0AE30049BBF5 /* Build configuration list for PBXNativeTarget "Novision" */ = {
			isa = XCConfigurationList;
			buildConfigurations = (
				1BD11C9A2A5F0AE30049BBF5 /* Debug */,
				1BD11C9B2A5F0AE30049BBF5 /* Release */,
			);
			defaultConfigurationIsVisible = 0;
			defaultConfigurationName = Release;
		};
/* End XCConfigurationList section */
	};
	rootObject = 1BD11C832A5F0AE20049BBF5 /* Project object */;
}
